// !$*UTF8*$!
{
	archiveVersion = 1;
	classes = {
	};
	objectVersion = 56;
	objects = {

/* Begin PBXBuildFile section */
		6B0E804B2ADC3DE00060A3E9 /* AppDelegate.swift in Sources */ = {isa = PBXBuildFile; fileRef = 6B0E804A2ADC3DE00060A3E9 /* AppDelegate.swift */; };
		6B0E804D2ADC3DE00060A3E9 /* SceneDelegate.swift in Sources */ = {isa = PBXBuildFile; fileRef = 6B0E804C2ADC3DE00060A3E9 /* SceneDelegate.swift */; };
		6B0E804F2ADC3DE00060A3E9 /* MainTabBarViewController.swift in Sources */ = {isa = PBXBuildFile; fileRef = 6B0E804E2ADC3DE00060A3E9 /* MainTabBarViewController.swift */; };
		6B0E80542ADC3DE20060A3E9 /* Assets.xcassets in Resources */ = {isa = PBXBuildFile; fileRef = 6B0E80532ADC3DE20060A3E9 /* Assets.xcassets */; };
		6B0E80572ADC3DE20060A3E9 /* LaunchScreen.storyboard in Resources */ = {isa = PBXBuildFile; fileRef = 6B0E80552ADC3DE20060A3E9 /* LaunchScreen.storyboard */; };
		6B0E80622ADC40CE0060A3E9 /* HomeViewController.swift in Sources */ = {isa = PBXBuildFile; fileRef = 6B0E80612ADC40CE0060A3E9 /* HomeViewController.swift */; };
		6B0E80642ADC40F30060A3E9 /* UpcomingViewController.swift in Sources */ = {isa = PBXBuildFile; fileRef = 6B0E80632ADC40F30060A3E9 /* UpcomingViewController.swift */; };
		6B0E80662ADC41080060A3E9 /* SearchViewController.swift in Sources */ = {isa = PBXBuildFile; fileRef = 6B0E80652ADC41080060A3E9 /* SearchViewController.swift */; };
		6B0E80682ADC41220060A3E9 /* DownloadsViewController.swift in Sources */ = {isa = PBXBuildFile; fileRef = 6B0E80672ADC41220060A3E9 /* DownloadsViewController.swift */; };
		6B2F108B2AE1312C009D2D63 /* DataPersistenceManager.swift in Sources */ = {isa = PBXBuildFile; fileRef = 6B2F108A2AE1312C009D2D63 /* DataPersistenceManager.swift */; };
		6B35411A2ADC6BE90031A2EF /* CollectionTableViewCell.swift in Sources */ = {isa = PBXBuildFile; fileRef = 6B3541192ADC6BE90031A2EF /* CollectionTableViewCell.swift */; };
		6B35411C2ADC73EA0031A2EF /* HeroHeaderUIView.swift in Sources */ = {isa = PBXBuildFile; fileRef = 6B35411B2ADC73EA0031A2EF /* HeroHeaderUIView.swift */; };
		6B35411E2ADCA34B0031A2EF /* Extensions.swift in Sources */ = {isa = PBXBuildFile; fileRef = 6B35411D2ADCA34B0031A2EF /* Extensions.swift */; };
		6B3541202ADCA6E10031A2EF /* APICaller.swift in Sources */ = {isa = PBXBuildFile; fileRef = 6B35411F2ADCA6E10031A2EF /* APICaller.swift */; };
		6B3541222ADCB53E0031A2EF /* Title.swift in Sources */ = {isa = PBXBuildFile; fileRef = 6B3541212ADCB53E0031A2EF /* Title.swift */; };
		6B3541262ADD99A20031A2EF /* TitleCollectionViewCell.swift in Sources */ = {isa = PBXBuildFile; fileRef = 6B3541252ADD99A20031A2EF /* TitleCollectionViewCell.swift */; };
		6B3541292ADD9B630031A2EF /* SDWebImage in Frameworks */ = {isa = PBXBuildFile; productRef = 6B3541282ADD9B630031A2EF /* SDWebImage */; };
		6B35412B2ADD9B630031A2EF /* SDWebImageMapKit in Frameworks */ = {isa = PBXBuildFile; productRef = 6B35412A2ADD9B630031A2EF /* SDWebImageMapKit */; };
		6B35412D2ADDBADB0031A2EF /* TitleTableViewCell.swift in Sources */ = {isa = PBXBuildFile; fileRef = 6B35412C2ADDBADA0031A2EF /* TitleTableViewCell.swift */; };
		6B35412F2ADE74B90031A2EF /* TitleViewModel.swift in Sources */ = {isa = PBXBuildFile; fileRef = 6B35412E2ADE74B90031A2EF /* TitleViewModel.swift */; };
		6B3541312ADEC1220031A2EF /* SearchResultsViewController.swift in Sources */ = {isa = PBXBuildFile; fileRef = 6B3541302ADEC1220031A2EF /* SearchResultsViewController.swift */; };
		6B3541352ADF8F1D0031A2EF /* YoutubeSearchResponse.swift in Sources */ = {isa = PBXBuildFile; fileRef = 6B3541342ADF8F1D0031A2EF /* YoutubeSearchResponse.swift */; };
		6B3541372ADFAB870031A2EF /* TitlePreviewViewController.swift in Sources */ = {isa = PBXBuildFile; fileRef = 6B3541362ADFAB870031A2EF /* TitlePreviewViewController.swift */; };
		6B3541392ADFB0A50031A2EF /* TitlePreviewViewModel.swift in Sources */ = {isa = PBXBuildFile; fileRef = 6B3541382ADFB0A50031A2EF /* TitlePreviewViewModel.swift */; };
		6B35417B2AE12B500031A2EF /* NetflixCloneModel.xcdatamodeld in Sources */ = {isa = PBXBuildFile; fileRef = 6B3541792AE12B500031A2EF /* NetflixCloneModel.xcdatamodeld */; };
/* End PBXBuildFile section */

/* Begin PBXFileReference section */
		6B0E80472ADC3DE00060A3E9 /* Netflix Clone One.app */ = {isa = PBXFileReference; explicitFileType = wrapper.application; includeInIndex = 0; path = "Netflix Clone One.app"; sourceTree = BUILT_PRODUCTS_DIR; };
		6B0E804A2ADC3DE00060A3E9 /* AppDelegate.swift */ = {isa = PBXFileReference; lastKnownFileType = sourcecode.swift; path = AppDelegate.swift; sourceTree = "<group>"; };
		6B0E804C2ADC3DE00060A3E9 /* SceneDelegate.swift */ = {isa = PBXFileReference; lastKnownFileType = sourcecode.swift; path = SceneDelegate.swift; sourceTree = "<group>"; };
		6B0E804E2ADC3DE00060A3E9 /* MainTabBarViewController.swift */ = {isa = PBXFileReference; lastKnownFileType = sourcecode.swift; path = MainTabBarViewController.swift; sourceTree = "<group>"; };
		6B0E80532ADC3DE20060A3E9 /* Assets.xcassets */ = {isa = PBXFileReference; lastKnownFileType = folder.assetcatalog; path = Assets.xcassets; sourceTree = "<group>"; };
		6B0E80562ADC3DE20060A3E9 /* Base */ = {isa = PBXFileReference; lastKnownFileType = file.storyboard; name = Base; path = Base.lproj/LaunchScreen.storyboard; sourceTree = "<group>"; };
		6B0E80582ADC3DE20060A3E9 /* Info.plist */ = {isa = PBXFileReference; lastKnownFileType = text.plist.xml; path = Info.plist; sourceTree = "<group>"; };
		6B0E80612ADC40CE0060A3E9 /* HomeViewController.swift */ = {isa = PBXFileReference; lastKnownFileType = sourcecode.swift; path = HomeViewController.swift; sourceTree = "<group>"; };
		6B0E80632ADC40F30060A3E9 /* UpcomingViewController.swift */ = {isa = PBXFileReference; lastKnownFileType = sourcecode.swift; path = UpcomingViewController.swift; sourceTree = "<group>"; };
		6B0E80652ADC41080060A3E9 /* SearchViewController.swift */ = {isa = PBXFileReference; lastKnownFileType = sourcecode.swift; path = SearchViewController.swift; sourceTree = "<group>"; };
		6B0E80672ADC41220060A3E9 /* DownloadsViewController.swift */ = {isa = PBXFileReference; lastKnownFileType = sourcecode.swift; path = DownloadsViewController.swift; sourceTree = "<group>"; };
		6B2F108A2AE1312C009D2D63 /* DataPersistenceManager.swift */ = {isa = PBXFileReference; lastKnownFileType = sourcecode.swift; path = DataPersistenceManager.swift; sourceTree = "<group>"; };
		6B3541192ADC6BE90031A2EF /* CollectionTableViewCell.swift */ = {isa = PBXFileReference; lastKnownFileType = sourcecode.swift; path = CollectionTableViewCell.swift; sourceTree = "<group>"; };
		6B35411B2ADC73EA0031A2EF /* HeroHeaderUIView.swift */ = {isa = PBXFileReference; lastKnownFileType = sourcecode.swift; path = HeroHeaderUIView.swift; sourceTree = "<group>"; };
		6B35411D2ADCA34B0031A2EF /* Extensions.swift */ = {isa = PBXFileReference; lastKnownFileType = sourcecode.swift; path = Extensions.swift; sourceTree = "<group>"; };
		6B35411F2ADCA6E10031A2EF /* APICaller.swift */ = {isa = PBXFileReference; lastKnownFileType = sourcecode.swift; path = APICaller.swift; sourceTree = "<group>"; };
		6B3541212ADCB53E0031A2EF /* Title.swift */ = {isa = PBXFileReference; lastKnownFileType = sourcecode.swift; path = Title.swift; sourceTree = "<group>"; };
		6B3541252ADD99A20031A2EF /* TitleCollectionViewCell.swift */ = {isa = PBXFileReference; lastKnownFileType = sourcecode.swift; path = TitleCollectionViewCell.swift; sourceTree = "<group>"; };
		6B35412C2ADDBADA0031A2EF /* TitleTableViewCell.swift */ = {isa = PBXFileReference; lastKnownFileType = sourcecode.swift; path = TitleTableViewCell.swift; sourceTree = "<group>"; };
		6B35412E2ADE74B90031A2EF /* TitleViewModel.swift */ = {isa = PBXFileReference; lastKnownFileType = sourcecode.swift; name = TitleViewModel.swift; path = "Netflix Clone One/Views/TitleViewModel.swift"; sourceTree = SOURCE_ROOT; };
		6B3541302ADEC1220031A2EF /* SearchResultsViewController.swift */ = {isa = PBXFileReference; lastKnownFileType = sourcecode.swift; path = SearchResultsViewController.swift; sourceTree = "<group>"; };
		6B3541342ADF8F1D0031A2EF /* YoutubeSearchResponse.swift */ = {isa = PBXFileReference; lastKnownFileType = sourcecode.swift; path = YoutubeSearchResponse.swift; sourceTree = "<group>"; };
		6B3541362ADFAB870031A2EF /* TitlePreviewViewController.swift */ = {isa = PBXFileReference; lastKnownFileType = sourcecode.swift; path = TitlePreviewViewController.swift; sourceTree = "<group>"; };
		6B3541382ADFB0A50031A2EF /* TitlePreviewViewModel.swift */ = {isa = PBXFileReference; lastKnownFileType = sourcecode.swift; path = TitlePreviewViewModel.swift; sourceTree = "<group>"; };
		6B35417A2AE12B500031A2EF /* NetflixCloneModel.xcdatamodel */ = {isa = PBXFileReference; lastKnownFileType = wrapper.xcdatamodel; path = NetflixCloneModel.xcdatamodel; sourceTree = "<group>"; };
/* End PBXFileReference section */

/* Begin PBXFrameworksBuildPhase section */
		6B0E80442ADC3DE00060A3E9 /* Frameworks */ = {
			isa = PBXFrameworksBuildPhase;
			buildActionMask = 2147483647;
			files = (
				6B35412B2ADD9B630031A2EF /* SDWebImageMapKit in Frameworks */,
				6B3541292ADD9B630031A2EF /* SDWebImage in Frameworks */,
			);
			runOnlyForDeploymentPostprocessing = 0;
		};
/* End PBXFrameworksBuildPhase section */

/* Begin PBXGroup section */
		6B0E803E2ADC3DE00060A3E9 = {
			isa = PBXGroup;
			children = (
				6B0E80492ADC3DE00060A3E9 /* Netflix Clone One */,
				6B0E80482ADC3DE00060A3E9 /* Products */,
			);
			sourceTree = "<group>";
		};
		6B0E80482ADC3DE00060A3E9 /* Products */ = {
			isa = PBXGroup;
			children = (
				6B0E80472ADC3DE00060A3E9 /* Netflix Clone One.app */,
			);
			name = Products;
			sourceTree = "<group>";
		};
		6B0E80492ADC3DE00060A3E9 /* Netflix Clone One */ = {
			isa = PBXGroup;
			children = (
				6B3541182ADC6B9A0031A2EF /* Managers */,
				6B3541172ADC6B880031A2EF /* Resurces */,
				6B3541162ADC6B4F0031A2EF /* Models */,
				6B3541142ADC6B310031A2EF /* Views */,
				6B3541152ADC6B3F0031A2EF /* ViewsModels */,
				6B0E805E2ADC407D0060A3E9 /* Controllers */,
				6B0E80532ADC3DE20060A3E9 /* Assets.xcassets */,
				6B0E80552ADC3DE20060A3E9 /* LaunchScreen.storyboard */,
				6B0E80582ADC3DE20060A3E9 /* Info.plist */,
				6B3541792AE12B500031A2EF /* NetflixCloneModel.xcdatamodeld */,
			);
			path = "Netflix Clone One";
			sourceTree = "<group>";
		};
		6B0E805E2ADC407D0060A3E9 /* Controllers */ = {
			isa = PBXGroup;
			children = (
				6B3541332ADEC1760031A2EF /* General */,
				6B3541322ADEC14F0031A2EF /* Core */,
			);
			path = Controllers;
			sourceTree = "<group>";
		};
		6B3541142ADC6B310031A2EF /* Views */ = {
			isa = PBXGroup;
			children = (
				6B3541192ADC6BE90031A2EF /* CollectionTableViewCell.swift */,
				6B35411B2ADC73EA0031A2EF /* HeroHeaderUIView.swift */,
				6B3541252ADD99A20031A2EF /* TitleCollectionViewCell.swift */,
				6B35412C2ADDBADA0031A2EF /* TitleTableViewCell.swift */,
			);
			path = Views;
			sourceTree = "<group>";
		};
		6B3541152ADC6B3F0031A2EF /* ViewsModels */ = {
			isa = PBXGroup;
			children = (
				6B35412E2ADE74B90031A2EF /* TitleViewModel.swift */,
				6B3541382ADFB0A50031A2EF /* TitlePreviewViewModel.swift */,
			);
			path = ViewsModels;
			sourceTree = "<group>";
		};
		6B3541162ADC6B4F0031A2EF /* Models */ = {
			isa = PBXGroup;
			children = (
				6B3541212ADCB53E0031A2EF /* Title.swift */,
				6B3541342ADF8F1D0031A2EF /* YoutubeSearchResponse.swift */,
			);
			path = Models;
			sourceTree = "<group>";
		};
		6B3541172ADC6B880031A2EF /* Resurces */ = {
			isa = PBXGroup;
			children = (
				6B35411D2ADCA34B0031A2EF /* Extensions.swift */,
				6B0E804A2ADC3DE00060A3E9 /* AppDelegate.swift */,
				6B0E804C2ADC3DE00060A3E9 /* SceneDelegate.swift */,
			);
			path = Resurces;
			sourceTree = "<group>";
		};
		6B3541182ADC6B9A0031A2EF /* Managers */ = {
			isa = PBXGroup;
			children = (
				6B35411F2ADCA6E10031A2EF /* APICaller.swift */,
				6B2F108A2AE1312C009D2D63 /* DataPersistenceManager.swift */,
			);
			path = Managers;
			sourceTree = "<group>";
		};
		6B3541322ADEC14F0031A2EF /* Core */ = {
			isa = PBXGroup;
			children = (
				6B0E80612ADC40CE0060A3E9 /* HomeViewController.swift */,
				6B0E80632ADC40F30060A3E9 /* UpcomingViewController.swift */,
				6B0E80652ADC41080060A3E9 /* SearchViewController.swift */,
				6B0E80672ADC41220060A3E9 /* DownloadsViewController.swift */,
				6B0E804E2ADC3DE00060A3E9 /* MainTabBarViewController.swift */,
			);
			path = Core;
			sourceTree = "<group>";
		};
		6B3541332ADEC1760031A2EF /* General */ = {
			isa = PBXGroup;
			children = (
				6B3541302ADEC1220031A2EF /* SearchResultsViewController.swift */,
				6B3541362ADFAB870031A2EF /* TitlePreviewViewController.swift */,
			);
			path = General;
			sourceTree = "<group>";
		};
/* End PBXGroup section */

/* Begin PBXNativeTarget section */
		6B0E80462ADC3DE00060A3E9 /* Netflix Clone One */ = {
			isa = PBXNativeTarget;
			buildConfigurationList = 6B0E805B2ADC3DE20060A3E9 /* Build configuration list for PBXNativeTarget "Netflix Clone One" */;
			buildPhases = (
				6B0E80432ADC3DE00060A3E9 /* Sources */,
				6B0E80442ADC3DE00060A3E9 /* Frameworks */,
				6B0E80452ADC3DE00060A3E9 /* Resources */,
			);
			buildRules = (
			);
			dependencies = (
			);
			name = "Netflix Clone One";
			packageProductDependencies = (
				6B3541282ADD9B630031A2EF /* SDWebImage */,
				6B35412A2ADD9B630031A2EF /* SDWebImageMapKit */,
			);
			productName = "Netflix Clone One";
			productReference = 6B0E80472ADC3DE00060A3E9 /* Netflix Clone One.app */;
			productType = "com.apple.product-type.application";
		};
/* End PBXNativeTarget section */

/* Begin PBXProject section */
		6B0E803F2ADC3DE00060A3E9 /* Project object */ = {
			isa = PBXProject;
			attributes = {
				BuildIndependentTargetsInParallel = 1;
				LastSwiftUpdateCheck = 1500;
				LastUpgradeCheck = 1500;
				TargetAttributes = {
					6B0E80462ADC3DE00060A3E9 = {
						CreatedOnToolsVersion = 15.0;
					};
				};
			};
			buildConfigurationList = 6B0E80422ADC3DE00060A3E9 /* Build configuration list for PBXProject "Netflix Clone One" */;
			compatibilityVersion = "Xcode 14.0";
			developmentRegion = en;
			hasScannedForEncodings = 0;
			knownRegions = (
				en,
				Base,
			);
			mainGroup = 6B0E803E2ADC3DE00060A3E9;
			packageReferences = (
				6B3541272ADD9B630031A2EF /* XCRemoteSwiftPackageReference "SDWebImage" */,
			);
			productRefGroup = 6B0E80482ADC3DE00060A3E9 /* Products */;
			projectDirPath = "";
			projectRoot = "";
			targets = (
				6B0E80462ADC3DE00060A3E9 /* Netflix Clone One */,
			);
		};
/* End PBXProject section */

/* Begin PBXResourcesBuildPhase section */
		6B0E80452ADC3DE00060A3E9 /* Resources */ = {
			isa = PBXResourcesBuildPhase;
			buildActionMask = 2147483647;
			files = (
				6B0E80572ADC3DE20060A3E9 /* LaunchScreen.storyboard in Resources */,
				6B0E80542ADC3DE20060A3E9 /* Assets.xcassets in Resources */,
			);
			runOnlyForDeploymentPostprocessing = 0;
		};
/* End PBXResourcesBuildPhase section */

/* Begin PBXSourcesBuildPhase section */
		6B0E80432ADC3DE00060A3E9 /* Sources */ = {
			isa = PBXSourcesBuildPhase;
			buildActionMask = 2147483647;
			files = (
				6B35412D2ADDBADB0031A2EF /* TitleTableViewCell.swift in Sources */,
				6B0E80662ADC41080060A3E9 /* SearchViewController.swift in Sources */,
				6B3541262ADD99A20031A2EF /* TitleCollectionViewCell.swift in Sources */,
				6B2F108B2AE1312C009D2D63 /* DataPersistenceManager.swift in Sources */,
				6B0E804F2ADC3DE00060A3E9 /* MainTabBarViewController.swift in Sources */,
				6B3541222ADCB53E0031A2EF /* Title.swift in Sources */,
				6B0E80682ADC41220060A3E9 /* DownloadsViewController.swift in Sources */,
				6B35417B2AE12B500031A2EF /* NetflixCloneModel.xcdatamodeld in Sources */,
				6B35411C2ADC73EA0031A2EF /* HeroHeaderUIView.swift in Sources */,
				6B0E804B2ADC3DE00060A3E9 /* AppDelegate.swift in Sources */,
				6B35411E2ADCA34B0031A2EF /* Extensions.swift in Sources */,
				6B3541312ADEC1220031A2EF /* SearchResultsViewController.swift in Sources */,
				6B0E804D2ADC3DE00060A3E9 /* SceneDelegate.swift in Sources */,
				6B3541352ADF8F1D0031A2EF /* YoutubeSearchResponse.swift in Sources */,
				6B0E80642ADC40F30060A3E9 /* UpcomingViewController.swift in Sources */,
				6B3541392ADFB0A50031A2EF /* TitlePreviewViewModel.swift in Sources */,
				6B3541202ADCA6E10031A2EF /* APICaller.swift in Sources */,
				6B3541372ADFAB870031A2EF /* TitlePreviewViewController.swift in Sources */,
				6B0E80622ADC40CE0060A3E9 /* HomeViewController.swift in Sources */,
				6B35411A2ADC6BE90031A2EF /* CollectionTableViewCell.swift in Sources */,
				6B35412F2ADE74B90031A2EF /* TitleViewModel.swift in Sources */,
			);
			runOnlyForDeploymentPostprocessing = 0;
		};
/* End PBXSourcesBuildPhase section */

/* Begin PBXVariantGroup section */
		6B0E80552ADC3DE20060A3E9 /* LaunchScreen.storyboard */ = {
			isa = PBXVariantGroup;
			children = (
				6B0E80562ADC3DE20060A3E9 /* Base */,
			);
			name = LaunchScreen.storyboard;
			sourceTree = "<group>";
		};
/* End PBXVariantGroup section */

/* Begin XCBuildConfiguration section */
		6B0E80592ADC3DE20060A3E9 /* Debug */ = {
			isa = XCBuildConfiguration;
			buildSettings = {
				ALWAYS_SEARCH_USER_PATHS = NO;
				ASSETCATALOG_COMPILER_GENERATE_SWIFT_ASSET_SYMBOL_EXTENSIONS = YES;
				CLANG_ANALYZER_NONNULL = YES;
				CLANG_ANALYZER_NUMBER_OBJECT_CONVERSION = YES_AGGRESSIVE;
				CLANG_CXX_LANGUAGE_STANDARD = "gnu++20";
				CLANG_ENABLE_MODULES = YES;
				CLANG_ENABLE_OBJC_ARC = YES;
				CLANG_ENABLE_OBJC_WEAK = YES;
				CLANG_WARN_BLOCK_CAPTURE_AUTORELEASING = YES;
				CLANG_WARN_BOOL_CONVERSION = YES;
				CLANG_WARN_COMMA = YES;
				CLANG_WARN_CONSTANT_CONVERSION = YES;
				CLANG_WARN_DEPRECATED_OBJC_IMPLEMENTATIONS = YES;
				CLANG_WARN_DIRECT_OBJC_ISA_USAGE = YES_ERROR;
				CLANG_WARN_DOCUMENTATION_COMMENTS = YES;
				CLANG_WARN_EMPTY_BODY = YES;
				CLANG_WARN_ENUM_CONVERSION = YES;
				CLANG_WARN_INFINITE_RECURSION = YES;
				CLANG_WARN_INT_CONVERSION = YES;
				CLANG_WARN_NON_LITERAL_NULL_CONVERSION = YES;
				CLANG_WARN_OBJC_IMPLICIT_RETAIN_SELF = YES;
				CLANG_WARN_OBJC_LITERAL_CONVERSION = YES;
				CLANG_WARN_OBJC_ROOT_CLASS = YES_ERROR;
				CLANG_WARN_QUOTED_INCLUDE_IN_FRAMEWORK_HEADER = YES;
				CLANG_WARN_RANGE_LOOP_ANALYSIS = YES;
				CLANG_WARN_STRICT_PROTOTYPES = YES;
				CLANG_WARN_SUSPICIOUS_MOVE = YES;
				CLANG_WARN_UNGUARDED_AVAILABILITY = YES_AGGRESSIVE;
				CLANG_WARN_UNREACHABLE_CODE = YES;
				CLANG_WARN__DUPLICATE_METHOD_MATCH = YES;
				COPY_PHASE_STRIP = NO;
				DEBUG_INFORMATION_FORMAT = dwarf;
				ENABLE_STRICT_OBJC_MSGSEND = YES;
				ENABLE_TESTABILITY = YES;
				ENABLE_USER_SCRIPT_SANDBOXING = YES;
				GCC_C_LANGUAGE_STANDARD = gnu17;
				GCC_DYNAMIC_NO_PIC = NO;
				GCC_NO_COMMON_BLOCKS = YES;
				GCC_OPTIMIZATION_LEVEL = 0;
				GCC_PREPROCESSOR_DEFINITIONS = (
					"DEBUG=1",
					"$(inherited)",
				);
				GCC_WARN_64_TO_32_BIT_CONVERSION = YES;
				GCC_WARN_ABOUT_RETURN_TYPE = YES_ERROR;
				GCC_WARN_UNDECLARED_SELECTOR = YES;
				GCC_WARN_UNINITIALIZED_AUTOS = YES_AGGRESSIVE;
				GCC_WARN_UNUSED_FUNCTION = YES;
				GCC_WARN_UNUSED_VARIABLE = YES;
				IPHONEOS_DEPLOYMENT_TARGET = 17.0;
				LOCALIZATION_PREFERS_STRING_CATALOGS = YES;
				MTL_ENABLE_DEBUG_INFO = INCLUDE_SOURCE;
				MTL_FAST_MATH = YES;
				ONLY_ACTIVE_ARCH = YES;
				SDKROOT = iphoneos;
				SWIFT_ACTIVE_COMPILATION_CONDITIONS = "DEBUG $(inherited)";
				SWIFT_OPTIMIZATION_LEVEL = "-Onone";
			};
			name = Debug;
		};
		6B0E805A2ADC3DE20060A3E9 /* Release */ = {
			isa = XCBuildConfiguration;
			buildSettings = {
				ALWAYS_SEARCH_USER_PATHS = NO;
				ASSETCATALOG_COMPILER_GENERATE_SWIFT_ASSET_SYMBOL_EXTENSIONS = YES;
				CLANG_ANALYZER_NONNULL = YES;
				CLANG_ANALYZER_NUMBER_OBJECT_CONVERSION = YES_AGGRESSIVE;
				CLANG_CXX_LANGUAGE_STANDARD = "gnu++20";
				CLANG_ENABLE_MODULES = YES;
				CLANG_ENABLE_OBJC_ARC = YES;
				CLANG_ENABLE_OBJC_WEAK = YES;
				CLANG_WARN_BLOCK_CAPTURE_AUTORELEASING = YES;
				CLANG_WARN_BOOL_CONVERSION = YES;
				CLANG_WARN_COMMA = YES;
				CLANG_WARN_CONSTANT_CONVERSION = YES;
				CLANG_WARN_DEPRECATED_OBJC_IMPLEMENTATIONS = YES;
				CLANG_WARN_DIRECT_OBJC_ISA_USAGE = YES_ERROR;
				CLANG_WARN_DOCUMENTATION_COMMENTS = YES;
				CLANG_WARN_EMPTY_BODY = YES;
				CLANG_WARN_ENUM_CONVERSION = YES;
				CLANG_WARN_INFINITE_RECURSION = YES;
				CLANG_WARN_INT_CONVERSION = YES;
				CLANG_WARN_NON_LITERAL_NULL_CONVERSION = YES;
				CLANG_WARN_OBJC_IMPLICIT_RETAIN_SELF = YES;
				CLANG_WARN_OBJC_LITERAL_CONVERSION = YES;
				CLANG_WARN_OBJC_ROOT_CLASS = YES_ERROR;
				CLANG_WARN_QUOTED_INCLUDE_IN_FRAMEWORK_HEADER = YES;
				CLANG_WARN_RANGE_LOOP_ANALYSIS = YES;
				CLANG_WARN_STRICT_PROTOTYPES = YES;
				CLANG_WARN_SUSPICIOUS_MOVE = YES;
				CLANG_WARN_UNGUARDED_AVAILABILITY = YES_AGGRESSIVE;
				CLANG_WARN_UNREACHABLE_CODE = YES;
				CLANG_WARN__DUPLICATE_METHOD_MATCH = YES;
				COPY_PHASE_STRIP = NO;
				DEBUG_INFORMATION_FORMAT = "dwarf-with-dsym";
				ENABLE_NS_ASSERTIONS = NO;
				ENABLE_STRICT_OBJC_MSGSEND = YES;
				ENABLE_USER_SCRIPT_SANDBOXING = YES;
				GCC_C_LANGUAGE_STANDARD = gnu17;
				GCC_NO_COMMON_BLOCKS = YES;
				GCC_WARN_64_TO_32_BIT_CONVERSION = YES;
				GCC_WARN_ABOUT_RETURN_TYPE = YES_ERROR;
				GCC_WARN_UNDECLARED_SELECTOR = YES;
				GCC_WARN_UNINITIALIZED_AUTOS = YES_AGGRESSIVE;
				GCC_WARN_UNUSED_FUNCTION = YES;
				GCC_WARN_UNUSED_VARIABLE = YES;
				IPHONEOS_DEPLOYMENT_TARGET = 17.0;
				LOCALIZATION_PREFERS_STRING_CATALOGS = YES;
				MTL_ENABLE_DEBUG_INFO = NO;
				MTL_FAST_MATH = YES;
				SDKROOT = iphoneos;
				SWIFT_COMPILATION_MODE = wholemodule;
				VALIDATE_PRODUCT = YES;
			};
			name = Release;
		};
		6B0E805C2ADC3DE20060A3E9 /* Debug */ = {
			isa = XCBuildConfiguration;
			buildSettings = {
				ASSETCATALOG_COMPILER_APPICON_NAME = AppIcon;
				ASSETCATALOG_COMPILER_GLOBAL_ACCENT_COLOR_NAME = AccentColor;
				CODE_SIGN_STYLE = Automatic;
				CURRENT_PROJECT_VERSION = 1;
				DEVELOPMENT_TEAM = 8Q2HW2LF8Q;
				GENERATE_INFOPLIST_FILE = YES;
				INFOPLIST_FILE = "Netflix Clone One/Info.plist";
				INFOPLIST_KEY_UIApplicationSupportsIndirectInputEvents = YES;
				INFOPLIST_KEY_UILaunchStoryboardName = LaunchScreen;
				INFOPLIST_KEY_UISupportedInterfaceOrientations_iPad = "UIInterfaceOrientationPortrait UIInterfaceOrientationPortraitUpsideDown UIInterfaceOrientationLandscapeLeft UIInterfaceOrientationLandscapeRight";
				INFOPLIST_KEY_UISupportedInterfaceOrientations_iPhone = "UIInterfaceOrientationPortrait UIInterfaceOrientationLandscapeLeft UIInterfaceOrientationLandscapeRight";
				LD_RUNPATH_SEARCH_PATHS = (
					"$(inherited)",
					"@executable_path/Frameworks",
				);
				MARKETING_VERSION = 1.0;
				PRODUCT_BUNDLE_IDENTIFIER = "com.jaloldcoder.Netflix-Clone-One";
				PRODUCT_NAME = "$(TARGET_NAME)";
				SWIFT_EMIT_LOC_STRINGS = YES;
				SWIFT_VERSION = 5.0;
				TARGETED_DEVICE_FAMILY = "1,2";
			};
			name = Debug;
		};
		6B0E805D2ADC3DE20060A3E9 /* Release */ = {
			isa = XCBuildConfiguration;
			buildSettings = {
				ASSETCATALOG_COMPILER_APPICON_NAME = AppIcon;
				ASSETCATALOG_COMPILER_GLOBAL_ACCENT_COLOR_NAME = AccentColor;
				CODE_SIGN_STYLE = Automatic;
				CURRENT_PROJECT_VERSION = 1;
				DEVELOPMENT_TEAM = 8Q2HW2LF8Q;
				GENERATE_INFOPLIST_FILE = YES;
				INFOPLIST_FILE = "Netflix Clone One/Info.plist";
				INFOPLIST_KEY_UIApplicationSupportsIndirectInputEvents = YES;
				INFOPLIST_KEY_UILaunchStoryboardName = LaunchScreen;
				INFOPLIST_KEY_UISupportedInterfaceOrientations_iPad = "UIInterfaceOrientationPortrait UIInterfaceOrientationPortraitUpsideDown UIInterfaceOrientationLandscapeLeft UIInterfaceOrientationLandscapeRight";
				INFOPLIST_KEY_UISupportedInterfaceOrientations_iPhone = "UIInterfaceOrientationPortrait UIInterfaceOrientationLandscapeLeft UIInterfaceOrientationLandscapeRight";
				LD_RUNPATH_SEARCH_PATHS = (
					"$(inherited)",
					"@executable_path/Frameworks",
				);
				MARKETING_VERSION = 1.0;
				PRODUCT_BUNDLE_IDENTIFIER = "com.jaloldcoder.Netflix-Clone-One";
				PRODUCT_NAME = "$(TARGET_NAME)";
				SWIFT_EMIT_LOC_STRINGS = YES;
				SWIFT_VERSION = 5.0;
				TARGETED_DEVICE_FAMILY = "1,2";
			};
			name = Release;
		};
/* End XCBuildConfiguration section */

/* Begin XCConfigurationList section */
		6B0E80422ADC3DE00060A3E9 /* Build configuration list for PBXProject "Netflix Clone One" */ = {
			isa = XCConfigurationList;
			buildConfigurations = (
				6B0E80592ADC3DE20060A3E9 /* Debug */,
				6B0E805A2ADC3DE20060A3E9 /* Release */,
			);
			defaultConfigurationIsVisible = 0;
			defaultConfigurationName = Release;
		};
		6B0E805B2ADC3DE20060A3E9 /* Build configuration list for PBXNativeTarget "Netflix Clone One" */ = {
			isa = XCConfigurationList;
			buildConfigurations = (
				6B0E805C2ADC3DE20060A3E9 /* Debug */,
				6B0E805D2ADC3DE20060A3E9 /* Release */,
			);
			defaultConfigurationIsVisible = 0;
			defaultConfigurationName = Release;
		};
/* End XCConfigurationList section */

/* Begin XCRemoteSwiftPackageReference section */
		6B3541272ADD9B630031A2EF /* XCRemoteSwiftPackageReference "SDWebImage" */ = {
			isa = XCRemoteSwiftPackageReference;
			repositoryURL = "https://github.com/SDWebImage/SDWebImage.git";
			requirement = {
				branch = master;
				kind = branch;
			};
		};
/* End XCRemoteSwiftPackageReference section */

/* Begin XCSwiftPackageProductDependency section */
		6B3541282ADD9B630031A2EF /* SDWebImage */ = {
			isa = XCSwiftPackageProductDependency;
			package = 6B3541272ADD9B630031A2EF /* XCRemoteSwiftPackageReference "SDWebImage" */;
			productName = SDWebImage;
		};
		6B35412A2ADD9B630031A2EF /* SDWebImageMapKit */ = {
			isa = XCSwiftPackageProductDependency;
			package = 6B3541272ADD9B630031A2EF /* XCRemoteSwiftPackageReference "SDWebImage" */;
			productName = SDWebImageMapKit;
		};
/* End XCSwiftPackageProductDependency section */

/* Begin XCVersionGroup section */
		6B3541792AE12B500031A2EF /* NetflixCloneModel.xcdatamodeld */ = {
			isa = XCVersionGroup;
			children = (
				6B35417A2AE12B500031A2EF /* NetflixCloneModel.xcdatamodel */,
			);
			currentVersion = 6B35417A2AE12B500031A2EF /* NetflixCloneModel.xcdatamodel */;
			path = NetflixCloneModel.xcdatamodeld;
			sourceTree = "<group>";
			versionGroupType = wrapper.xcdatamodel;
		};
/* End XCVersionGroup section */
	};
	rootObject = 6B0E803F2ADC3DE00060A3E9 /* Project object */;
}
